Microsoft Visual Studio Solution File, Format Version 12.00
# Visual Studio 15
VisualStudioVersion = 15.0.28307.106
MinimumVisualStudioVersion = 10.0.40219.1
Project("{9A19103F-16F7-4668-BE54-9A1E7A4F7556}") = "Optix_Report_Generator", "Optix_Report_Generator.csproj", "{39DFC56F-031B-40D3-5DD9-0EFB237294F9}"
EndProject
Global
    GlobalSection(SolutionConfigurationPlatforms) = preSolution
        Debug|Any CPU = Debug|Any CPU
        Release|Any CPU = Release|Any CPU
    EndGlobalSection
    GlobalSection(ProjectConfigurationPlatforms) = postSolution
        {39DFC56F-031B-40D3-5DD9-0EFB237294F9}.Debug|Any CPU.ActiveCfg = Debug|Any CPU
        {39DFC56F-031B-40D3-5DD9-0EFB237294F9}.Debug|Any CPU.Build.0 = Debug|Any CPU
        {39DFC56F-031B-40D3-5DD9-0EFB237294F9}.Release|Any CPU.ActiveCfg = Release|Any CPU
        {39DFC56F-031B-40D3-5DD9-0EFB237294F9}.Release|Any CPU.Build.0 = Release|Any CPU
    EndGlobalSection
    GlobalSection(SolutionProperties) = preSolution
        HideSolutionNode = FALSE
    EndGlobalSection
EndGlobal
